
Microsoft Visual Studio Solution File, Format Version 12.00
# Visual Studio Version 17
VisualStudioVersion = 17.7.34202.233
MinimumVisualStudioVersion = 10.0.40219.1
Project("{8BC9CEB8-8B4A-11D0-8D11-00A0C91BC942}") = "sorting-algorithms-sfml", "sorting-algorithms-sfml\sorting-algorithms-sfml.vcxproj", "{AE6380C0-737B-4283-AC18-FDA752EF9C1F}"
EndProject
Project("{2150E333-8FDC-42A3-9474-1A3956D46DE8}") = "Solution Items", "Solution Items", "{EB223C69-3A76-44FA-85C9-045334A8AC5C}"
	ProjectSection(SolutionItems) = preProject
		.gitignore = .gitignore
	EndProjectSection
EndProject
Global
	GlobalSection(SolutionConfigurationPlatforms) = preSolution
		Debug|x64 = Debug|x64
		Debug|x86 = Debug|x86
		Release|x64 = Release|x64
		Release|x86 = Release|x86
	EndGlobalSection
	GlobalSection(ProjectConfigurationPlatforms) = postSolution
		{AE6380C0-737B-4283-AC18-FDA752EF9C1F}.Debug|x64.ActiveCfg = Debug|x64
		{AE6380C0-737B-4283-AC18-FDA752EF9C1F}.Debug|x64.Build.0 = Debug|x64
		{AE6380C0-737B-4283-AC18-FDA752EF9C1F}.Debug|x86.ActiveCfg = Debug|Win32
		{AE6380C0-737B-4283-AC18-FDA752EF9C1F}.Debug|x86.Build.0 = Debug|Win32
		{AE6380C0-737B-4283-AC18-FDA752EF9C1F}.Release|x64.ActiveCfg = Release|x64
		{AE6380C0-737B-4283-AC18-FDA752EF9C1F}.Release|x64.Build.0 = Release|x64
		{AE6380C0-737B-4283-AC18-FDA752EF9C1F}.Release|x86.ActiveCfg = Release|Win32
		{AE6380C0-737B-4283-AC18-FDA752EF9C1F}.Release|x86.Build.0 = Release|Win32
	EndGlobalSection
	GlobalSection(SolutionProperties) = preSolution
		HideSolutionNode = FALSE
	EndGlobalSection
	GlobalSection(ExtensibilityGlobals) = postSolution
		SolutionGuid = {762E3534-80E8-4CFB-8E20-C22822D7F08C}
	EndGlobalSection
EndGlobal
